
Microsoft Visual Studio Solution File, Format Version 12.00
# Visual Studio Version 16
VisualStudioVersion = 16.0.30907.101
MinimumVisualStudioVersion = 10.0.40219.1
Project("{9A19103F-16F7-4668-BE54-9A1E7A4F7556}") = "Renamer", "Renamer\Renamer.csproj", "{34D993AC-EA8F-4A36-BD52-77FE086BD65C}"
EndProject
Global
	GlobalSection(SolutionConfigurationPlatforms) = preSolution
		Debug|Any CPU = Debug|Any CPU
		Release|Any CPU = Release|Any CPU
	EndGlobalSection
	GlobalSection(ProjectConfigurationPlatforms) = postSolution
		{34D993AC-EA8F-4A36-BD52-77FE086BD65C}.Debug|Any CPU.ActiveCfg = Debug|Any CPU
		{34D993AC-EA8F-4A36-BD52-77FE086BD65C}.Debug|Any CPU.Build.0 = Debug|Any CPU
		{34D993AC-EA8F-4A36-BD52-77FE086BD65C}.Release|Any CPU.ActiveCfg = Release|Any CPU
		{34D993AC-EA8F-4A36-BD52-77FE086BD65C}.Release|Any CPU.Build.0 = Release|Any CPU
	EndGlobalSection
	GlobalSection(SolutionProperties) = preSolution
		HideSolutionNode = FALSE
	EndGlobalSection
	GlobalSection(ExtensibilityGlobals) = postSolution
		SolutionGuid = {8353B1F1-2DC2-4E28-BC9A-1E6618C6EDDC}
	EndGlobalSection
EndGlobal
